
Microsoft Visual Studio Solution File, Format Version 12.00
# Visual Studio Version 17
VisualStudioVersion = 17.2.32630.192
MinimumVisualStudioVersion = 10.0.40219.1
Project("{FAE04EC0-301F-11D3-BF4B-00C04F79EFBC}") = "HastaneOtomasyon", "HastaneOtomasyon\HastaneOtomasyon.csproj", "{099C8310-BFC2-4B28-90D4-39C5D8A2EA2C}"
EndProject
Global
	GlobalSection(SolutionConfigurationPlatforms) = preSolution
		Debug|Any CPU = Debug|Any CPU
		Release|Any CPU = Release|Any CPU
	EndGlobalSection
	GlobalSection(ProjectConfigurationPlatforms) = postSolution
		{099C8310-BFC2-4B28-90D4-39C5D8A2EA2C}.Debug|Any CPU.ActiveCfg = Debug|Any CPU
		{099C8310-BFC2-4B28-90D4-39C5D8A2EA2C}.Debug|Any CPU.Build.0 = Debug|Any CPU
		{099C8310-BFC2-4B28-90D4-39C5D8A2EA2C}.Release|Any CPU.ActiveCfg = Release|Any CPU
		{099C8310-BFC2-4B28-90D4-39C5D8A2EA2C}.Release|Any CPU.Build.0 = Release|Any CPU
	EndGlobalSection
	GlobalSection(SolutionProperties) = preSolution
		HideSolutionNode = FALSE
	EndGlobalSection
	GlobalSection(ExtensibilityGlobals) = postSolution
		SolutionGuid = {36BAB618-F8C4-42C8-B855-42F8E9DD1676}
	EndGlobalSection
EndGlobal
